
Microsoft Visual Studio Solution File, Format Version 12.00
# Visual Studio Version 17
VisualStudioVersion = 17.14.36518.9
MinimumVisualStudioVersion = 10.0.40219.1
Project("{FAE04EC0-301F-11D3-BF4B-00C04F79EFBC}") = "ChatServer.Api", "ChatServer.Api\ChatServer.Api.csproj", "{5F3F824E-9D3A-484F-A2AB-93B7C5EBCA2F}"
EndProject
Project("{FAE04EC0-301F-11D3-BF4B-00C04F79EFBC}") = "ChatCLient", "..\онлайн чат\ChatCLient.csproj", "{0F056C9E-5F9D-4BDD-8002-5711F91B4D98}"
EndProject
Global
	GlobalSection(SolutionConfigurationPlatforms) = preSolution
		Debug|Any CPU = Debug|Any CPU
		Release|Any CPU = Release|Any CPU
	EndGlobalSection
	GlobalSection(ProjectConfigurationPlatforms) = postSolution
		{5F3F824E-9D3A-484F-A2AB-93B7C5EBCA2F}.Debug|Any CPU.ActiveCfg = Debug|Any CPU
		{5F3F824E-9D3A-484F-A2AB-93B7C5EBCA2F}.Debug|Any CPU.Build.0 = Debug|Any CPU
		{5F3F824E-9D3A-484F-A2AB-93B7C5EBCA2F}.Release|Any CPU.ActiveCfg = Release|Any CPU
		{5F3F824E-9D3A-484F-A2AB-93B7C5EBCA2F}.Release|Any CPU.Build.0 = Release|Any CPU
		{0F056C9E-5F9D-4BDD-8002-5711F91B4D98}.Debug|Any CPU.ActiveCfg = Debug|Any CPU
		{0F056C9E-5F9D-4BDD-8002-5711F91B4D98}.Debug|Any CPU.Build.0 = Debug|Any CPU
		{0F056C9E-5F9D-4BDD-8002-5711F91B4D98}.Release|Any CPU.ActiveCfg = Release|Any CPU
		{0F056C9E-5F9D-4BDD-8002-5711F91B4D98}.Release|Any CPU.Build.0 = Release|Any CPU
	EndGlobalSection
	GlobalSection(SolutionProperties) = preSolution
		HideSolutionNode = FALSE
	EndGlobalSection
	GlobalSection(ExtensibilityGlobals) = postSolution
		SolutionGuid = {1C73FC6F-A9D3-4ED5-AC2F-410C42F8B897}
	EndGlobalSection
EndGlobal
